
Microsoft Visual Studio Solution File, Format Version 12.00
# Visual Studio 15
VisualStudioVersion = 15.0.28010.2016
MinimumVisualStudioVersion = 10.0.40219.1
Project("{8BC9CEB8-8B4A-11D0-8D11-00A0C91BC942}") = "Praktika1", "Praktika1\Praktika1.vcxproj", "{2BDC9597-AED6-4213-A3F9-C94E8F231943}"
EndProject
Global
	GlobalSection(SolutionConfigurationPlatforms) = preSolution
		Debug|x64 = Debug|x64
		Debug|x86 = Debug|x86
		Release|x64 = Release|x64
		Release|x86 = Release|x86
	EndGlobalSection
	GlobalSection(ProjectConfigurationPlatforms) = postSolution
		{2BDC9597-AED6-4213-A3F9-C94E8F231943}.Debug|x64.ActiveCfg = Debug|x64
		{2BDC9597-AED6-4213-A3F9-C94E8F231943}.Debug|x64.Build.0 = Debug|x64
		{2BDC9597-AED6-4213-A3F9-C94E8F231943}.Debug|x86.ActiveCfg = Debug|Win32
		{2BDC9597-AED6-4213-A3F9-C94E8F231943}.Debug|x86.Build.0 = Debug|Win32
		{2BDC9597-AED6-4213-A3F9-C94E8F231943}.Release|x64.ActiveCfg = Release|x64
		{2BDC9597-AED6-4213-A3F9-C94E8F231943}.Release|x64.Build.0 = Release|x64
		{2BDC9597-AED6-4213-A3F9-C94E8F231943}.Release|x86.ActiveCfg = Release|Win32
		{2BDC9597-AED6-4213-A3F9-C94E8F231943}.Release|x86.Build.0 = Release|Win32
	EndGlobalSection
	GlobalSection(SolutionProperties) = preSolution
		HideSolutionNode = FALSE
	EndGlobalSection
	GlobalSection(ExtensibilityGlobals) = postSolution
		SolutionGuid = {6DE397FF-1C71-4173-B3BC-6607776385AA}
	EndGlobalSection
EndGlobal
